# THIS IS AN AUTOGENERATED FILE. DO NOT EDIT THIS FILE DIRECTLY.
# yarn lockfile v1


"@fortawesome/fontawesome-free@^6.4.0":
  version "6.4.0"
  resolved "https://registry.npmjs.org/@fortawesome/fontawesome-free/-/fontawesome-free-6.4.0.tgz"
  integrity sha512-0NyytTlPJwB/BF5LtRV8rrABDbe3TdTXqNB3PdZ+UUUZAEIrdOJdmABqKjt4AXwIoJNaRVVZEXxpNrqvE1GAYQ==

fecha@^4.2.3:
  version "4.2.3"
  resolved "https://registry.yarnpkg.com/fecha/-/fecha-4.2.3.tgz#4d9ccdbc61e8629b259fdca67e65891448d569fd"
  integrity sha512-OP2IUU6HeYKJi3i0z4A19kHMQoLVs4Hc+DPqqxI2h/DPZHTm/vjsfC6P0b4jCMy14XizLBqvndQ+UilD7707Jw==

flatpickr@^4.6.13:
  version "4.6.13"
  resolved "https://registry.yarnpkg.com/flatpickr/-/flatpickr-4.6.13.tgz#8a029548187fd6e0d670908471e43abe9ad18d94"
  integrity sha512-97PMG/aywoYpB4IvbvUJi0RQi8vearvU0oov1WW3k0WZPBMrTQVqekSX5CjSG/M4Q3i6A/0FKXC7RyAoAUUSPw==

fontawesome-free@^1.0.4:
  version "1.0.4"
  resolved "https://registry.npmjs.org/fontawesome-free/-/fontawesome-free-1.0.4.tgz"
  integrity sha512-7sX6Lbg2oQiClFFFFitJlKg20h3YTBON6rdmq3uGjNwDo8G6EjF2bfj2OjjcCUmf4OvZCgyHaXfW2JseqissLw==

hotel-datepicker@^4.6.1:
  version "4.6.1"
  resolved "https://registry.yarnpkg.com/hotel-datepicker/-/hotel-datepicker-4.6.1.tgz#54528fcadc5d9f3eb3812aea847808e2cb4d5007"
  integrity sha512-my6b416zz3mXa02Y0wcqWMLhoyH/NzYSzDhJ8V/NZaRfNz82OVXhNnmWp5/96imVODv1zjQU8nMdumyc/qqH/Q==
  dependencies:
    fecha "^4.2.3"

jquery@^3.7.0:
  version "3.7.0"
  resolved "https://registry.npmjs.org/jquery/-/jquery-3.7.0.tgz"
  integrity sha512-umpJ0/k8X0MvD1ds0P9SfowREz2LenHsQaxSohMZ5OMNEU2r0tf8pdeEFTHMFxWVxKNyU9rTtK3CWzUCTKJUeQ==
