# THIS IS AN AUTOGENERATED FILE. DO NOT EDIT THIS FILE DIRECTLY.
# yarn lockfile v1


"@fortawesome/fontawesome-free@^6.4.0":
  version "6.4.0"
  resolved "https://registry.npmjs.org/@fortawesome/fontawesome-free/-/fontawesome-free-6.4.0.tgz"
  integrity sha512-0NyytTlPJwB/BF5LtRV8rrABDbe3TdTXqNB3PdZ+UUUZAEIrdOJdmABqKjt4AXwIoJNaRVVZEXxpNrqvE1GAYQ==

"@fullcalendar/core@~6.1.8":
  version "6.1.8"
  resolved "https://registry.yarnpkg.com/@fullcalendar/core/-/core-6.1.8.tgz#62008f7b2785dc01f0bf8c2f0c853925eab1c03a"
  integrity sha512-i8JBIvZCWGO9dsMEDcx9bnsQZ9PtGSJdOXGgWbhLaGq2iq41OBdp9g9gM4b/Otv2oK8bL5Gl6CsMmb/HkDtA6Q==
  dependencies:
    preact "~10.12.1"

"@fullcalendar/daygrid@^6.1.8", "@fullcalendar/daygrid@~6.1.8":
  version "6.1.8"
  resolved "https://registry.yarnpkg.com/@fullcalendar/daygrid/-/daygrid-6.1.8.tgz#2ca4a10892f5e2abeac0f8a8ecc8f07c002a4bf4"
  integrity sha512-kCZxQFKb9Vqa3CZRX0v7rMSJ2mlTt4gDpyLfiNJKxUAq7W51uKurPaFZWicaXy1ESHVBxKNlbx5uNjBpyu50JQ==

"@fullcalendar/interaction@~6.1.8":
  version "6.1.8"
  resolved "https://registry.yarnpkg.com/@fullcalendar/interaction/-/interaction-6.1.8.tgz#36c35bd5718f893e8215a45d48a6ef7d5fcc4650"
  integrity sha512-r6W4E9ohaA87M2uPSlmpE2WT7Fzu7LN0u2pE6D/tThruCEaAPbN8Pw5+sqclsuyTIL09mg0eSJm/ggJekTabSA==

"@fullcalendar/list@~6.1.8":
  version "6.1.8"
  resolved "https://registry.yarnpkg.com/@fullcalendar/list/-/list-6.1.8.tgz#69e5efba0cb8416955a3ad1cd7d550345ffaa16d"
  integrity sha512-10N0T/vCtId1cE3JGLpnbAivWVnaWCCkVO7wmbsyr5Y+I939kr/zq4BUNwBoP/xSFVVxx59FETh3iyA+MkV8Fw==

"@fullcalendar/multimonth@~6.1.8":
  version "6.1.8"
  resolved "https://registry.yarnpkg.com/@fullcalendar/multimonth/-/multimonth-6.1.8.tgz#f28bbe35b8114d09969357d4cc9077d9fb17fe24"
  integrity sha512-3F0NlncQTfeE9x5ICxh/M9DaSdY6XjgM1NazY8k+d6ukd1jthHI7vs6j7tXJI9eGUKs3DNNEyzN/LoP06SIyKw==
  dependencies:
    "@fullcalendar/daygrid" "~6.1.8"

"@fullcalendar/timegrid@~6.1.8":
  version "6.1.8"
  resolved "https://registry.yarnpkg.com/@fullcalendar/timegrid/-/timegrid-6.1.8.tgz#30b9860eb900c5dc9b72ceaab98c0728018a0ff1"
  integrity sha512-3+3KHHCoNcaLs/gQt004hAqICbY5+WAffrZ0ePv+80HFB1OVh8BQ5XXLHSOUbTvXdgtUTcfBHuw9fhO31kt5gA==
  dependencies:
    "@fullcalendar/daygrid" "~6.1.8"

fecha@^4.2.3:
  version "4.2.3"
  resolved "https://registry.yarnpkg.com/fecha/-/fecha-4.2.3.tgz#4d9ccdbc61e8629b259fdca67e65891448d569fd"
  integrity sha512-OP2IUU6HeYKJi3i0z4A19kHMQoLVs4Hc+DPqqxI2h/DPZHTm/vjsfC6P0b4jCMy14XizLBqvndQ+UilD7707Jw==

fontawesome-free@^1.0.4:
  version "1.0.4"
  resolved "https://registry.npmjs.org/fontawesome-free/-/fontawesome-free-1.0.4.tgz"
  integrity sha512-7sX6Lbg2oQiClFFFFitJlKg20h3YTBON6rdmq3uGjNwDo8G6EjF2bfj2OjjcCUmf4OvZCgyHaXfW2JseqissLw==

fullcalendar@^6.1.8:
  version "6.1.8"
  resolved "https://registry.yarnpkg.com/fullcalendar/-/fullcalendar-6.1.8.tgz#52b5c73b6214713dbe446587acd4a3feb1f0c4bf"
  integrity sha512-cbIdnInHVjj3fWqGgurbRuo8EFViVcEKpI2NZpGkzaqpnvN0p1ifKyQ9qnSGS2bKr7733z8Tv8T+CRXfnEWVmw==
  dependencies:
    "@fullcalendar/core" "~6.1.8"
    "@fullcalendar/daygrid" "~6.1.8"
    "@fullcalendar/interaction" "~6.1.8"
    "@fullcalendar/list" "~6.1.8"
    "@fullcalendar/multimonth" "~6.1.8"
    "@fullcalendar/timegrid" "~6.1.8"

hotel-datepicker@^4.6.1:
  version "4.6.1"
  resolved "https://registry.yarnpkg.com/hotel-datepicker/-/hotel-datepicker-4.6.1.tgz#54528fcadc5d9f3eb3812aea847808e2cb4d5007"
  integrity sha512-my6b416zz3mXa02Y0wcqWMLhoyH/NzYSzDhJ8V/NZaRfNz82OVXhNnmWp5/96imVODv1zjQU8nMdumyc/qqH/Q==
  dependencies:
    fecha "^4.2.3"

jquery@^3.7.0:
  version "3.7.0"
  resolved "https://registry.npmjs.org/jquery/-/jquery-3.7.0.tgz"
  integrity sha512-umpJ0/k8X0MvD1ds0P9SfowREz2LenHsQaxSohMZ5OMNEU2r0tf8pdeEFTHMFxWVxKNyU9rTtK3CWzUCTKJUeQ==

preact@~10.12.1:
  version "10.12.1"
  resolved "https://registry.yarnpkg.com/preact/-/preact-10.12.1.tgz#8f9cb5442f560e532729b7d23d42fd1161354a21"
  integrity sha512-l8386ixSsBdbreOAkqtrwqHwdvR35ID8c3rKPa8lCWuO86dBi32QWHV4vfsZK1utLLFMvw+Z5Ad4XLkZzchscg==
